
Microsoft Visual Studio Solution File, Format Version 12.00
# Visual Studio Version 16
VisualStudioVersion = 16.0.29503.13
MinimumVisualStudioVersion = 10.0.40219.1
Project("{FAE04EC0-301F-11D3-BF4B-00C04F79EFBC}") = "Notes.Android", "Notes\Notes.Android\Notes.Android.csproj", "{A827F440-83D0-4A0D-937D-ECBC0154117B}"
EndProject
Project("{FAE04EC0-301F-11D3-BF4B-00C04F79EFBC}") = "Notes.iOS", "Notes\Notes.iOS\Notes.iOS.csproj", "{4EE4ABD7-45C6-427D-8A85-A32D0B59C181}"
EndProject
Project("{FAE04EC0-301F-11D3-BF4B-00C04F79EFBC}") = "Notes", "Notes\Notes\Notes.csproj", "{19C96E05-7EC9-418E-8790-61FB36D1F0A2}"
EndProject
Global
	GlobalSection(SolutionConfigurationPlatforms) = preSolution
		Debug|Any CPU = Debug|Any CPU
		Debug|iPhone = Debug|iPhone
		Debug|iPhoneSimulator = Debug|iPhoneSimulator
		Release|Any CPU = Release|Any CPU
		Release|iPhone = Release|iPhone
		Release|iPhoneSimulator = Release|iPhoneSimulator
	EndGlobalSection
	GlobalSection(ProjectConfigurationPlatforms) = postSolution
		{A827F440-83D0-4A0D-937D-ECBC0154117B}.Debug|Any CPU.ActiveCfg = Debug|Any CPU
		{A827F440-83D0-4A0D-937D-ECBC0154117B}.Debug|Any CPU.Build.0 = Debug|Any CPU
		{A827F440-83D0-4A0D-937D-ECBC0154117B}.Debug|Any CPU.Deploy.0 = Debug|Any CPU
		{A827F440-83D0-4A0D-937D-ECBC0154117B}.Debug|iPhone.ActiveCfg = Debug|Any CPU
		{A827F440-83D0-4A0D-937D-ECBC0154117B}.Debug|iPhone.Build.0 = Debug|Any CPU
		{A827F440-83D0-4A0D-937D-ECBC0154117B}.Debug|iPhone.Deploy.0 = Debug|Any CPU
		{A827F440-83D0-4A0D-937D-ECBC0154117B}.Debug|iPhoneSimulator.ActiveCfg = Debug|Any CPU
		{A827F440-83D0-4A0D-937D-ECBC0154117B}.Debug|iPhoneSimulator.Build.0 = Debug|Any CPU
		{A827F440-83D0-4A0D-937D-ECBC0154117B}.Debug|iPhoneSimulator.Deploy.0 = Debug|Any CPU
		{A827F440-83D0-4A0D-937D-ECBC0154117B}.Release|Any CPU.ActiveCfg = Release|Any CPU
		{A827F440-83D0-4A0D-937D-ECBC0154117B}.Release|Any CPU.Build.0 = Release|Any CPU
		{A827F440-83D0-4A0D-937D-ECBC0154117B}.Release|Any CPU.Deploy.0 = Release|Any CPU
		{A827F440-83D0-4A0D-937D-ECBC0154117B}.Release|iPhone.ActiveCfg = Release|Any CPU
		{A827F440-83D0-4A0D-937D-ECBC0154117B}.Release|iPhone.Build.0 = Release|Any CPU
		{A827F440-83D0-4A0D-937D-ECBC0154117B}.Release|iPhone.Deploy.0 = Release|Any CPU
		{A827F440-83D0-4A0D-937D-ECBC0154117B}.Release|iPhoneSimulator.ActiveCfg = Release|Any CPU
		{A827F440-83D0-4A0D-937D-ECBC0154117B}.Release|iPhoneSimulator.Build.0 = Release|Any CPU
		{A827F440-83D0-4A0D-937D-ECBC0154117B}.Release|iPhoneSimulator.Deploy.0 = Release|Any CPU
		{4EE4ABD7-45C6-427D-8A85-A32D0B59C181}.Debug|Any CPU.ActiveCfg = Debug|iPhoneSimulator
		{4EE4ABD7-45C6-427D-8A85-A32D0B59C181}.Debug|Any CPU.Build.0 = Debug|iPhoneSimulator
		{4EE4ABD7-45C6-427D-8A85-A32D0B59C181}.Debug|Any CPU.Deploy.0 = Debug|iPhoneSimulator
		{4EE4ABD7-45C6-427D-8A85-A32D0B59C181}.Debug|iPhone.ActiveCfg = Debug|iPhone
		{4EE4ABD7-45C6-427D-8A85-A32D0B59C181}.Debug|iPhone.Build.0 = Debug|iPhone
		{4EE4ABD7-45C6-427D-8A85-A32D0B59C181}.Debug|iPhone.Deploy.0 = Debug|iPhone
		{4EE4ABD7-45C6-427D-8A85-A32D0B59C181}.Debug|iPhoneSimulator.ActiveCfg = Debug|iPhoneSimulator
		{4EE4ABD7-45C6-427D-8A85-A32D0B59C181}.Debug|iPhoneSimulator.Build.0 = Debug|iPhoneSimulator
		{4EE4ABD7-45C6-427D-8A85-A32D0B59C181}.Debug|iPhoneSimulator.Deploy.0 = Debug|iPhoneSimulator
		{4EE4ABD7-45C6-427D-8A85-A32D0B59C181}.Release|Any CPU.ActiveCfg = Release|iPhone
		{4EE4ABD7-45C6-427D-8A85-A32D0B59C181}.Release|Any CPU.Build.0 = Release|iPhone
		{4EE4ABD7-45C6-427D-8A85-A32D0B59C181}.Release|Any CPU.Deploy.0 = Release|iPhone
		{4EE4ABD7-45C6-427D-8A85-A32D0B59C181}.Release|iPhone.ActiveCfg = Release|iPhone
		{4EE4ABD7-45C6-427D-8A85-A32D0B59C181}.Release|iPhone.Build.0 = Release|iPhone
		{4EE4ABD7-45C6-427D-8A85-A32D0B59C181}.Release|iPhone.Deploy.0 = Release|iPhone
		{4EE4ABD7-45C6-427D-8A85-A32D0B59C181}.Release|iPhoneSimulator.ActiveCfg = Release|iPhoneSimulator
		{4EE4ABD7-45C6-427D-8A85-A32D0B59C181}.Release|iPhoneSimulator.Build.0 = Release|iPhoneSimulator
		{4EE4ABD7-45C6-427D-8A85-A32D0B59C181}.Release|iPhoneSimulator.Deploy.0 = Release|iPhoneSimulator
		{19C96E05-7EC9-418E-8790-61FB36D1F0A2}.Debug|Any CPU.ActiveCfg = Debug|Any CPU
		{19C96E05-7EC9-418E-8790-61FB36D1F0A2}.Debug|Any CPU.Build.0 = Debug|Any CPU
		{19C96E05-7EC9-418E-8790-61FB36D1F0A2}.Debug|Any CPU.Deploy.0 = Debug|Any CPU
		{19C96E05-7EC9-418E-8790-61FB36D1F0A2}.Debug|iPhone.ActiveCfg = Debug|Any CPU
		{19C96E05-7EC9-418E-8790-61FB36D1F0A2}.Debug|iPhone.Build.0 = Debug|Any CPU
		{19C96E05-7EC9-418E-8790-61FB36D1F0A2}.Debug|iPhone.Deploy.0 = Debug|Any CPU
		{19C96E05-7EC9-418E-8790-61FB36D1F0A2}.Debug|iPhoneSimulator.ActiveCfg = Debug|Any CPU
		{19C96E05-7EC9-418E-8790-61FB36D1F0A2}.Debug|iPhoneSimulator.Build.0 = Debug|Any CPU
		{19C96E05-7EC9-418E-8790-61FB36D1F0A2}.Debug|iPhoneSimulator.Deploy.0 = Debug|Any CPU
		{19C96E05-7EC9-418E-8790-61FB36D1F0A2}.Release|Any CPU.ActiveCfg = Release|Any CPU
		{19C96E05-7EC9-418E-8790-61FB36D1F0A2}.Release|Any CPU.Build.0 = Release|Any CPU
		{19C96E05-7EC9-418E-8790-61FB36D1F0A2}.Release|Any CPU.Deploy.0 = Release|Any CPU
		{19C96E05-7EC9-418E-8790-61FB36D1F0A2}.Release|iPhone.ActiveCfg = Release|Any CPU
		{19C96E05-7EC9-418E-8790-61FB36D1F0A2}.Release|iPhone.Build.0 = Release|Any CPU
		{19C96E05-7EC9-418E-8790-61FB36D1F0A2}.Release|iPhone.Deploy.0 = Release|Any CPU
		{19C96E05-7EC9-418E-8790-61FB36D1F0A2}.Release|iPhoneSimulator.ActiveCfg = Release|Any CPU
		{19C96E05-7EC9-418E-8790-61FB36D1F0A2}.Release|iPhoneSimulator.Build.0 = Release|Any CPU
		{19C96E05-7EC9-418E-8790-61FB36D1F0A2}.Release|iPhoneSimulator.Deploy.0 = Release|Any CPU
	EndGlobalSection
	GlobalSection(SolutionProperties) = preSolution
		HideSolutionNode = FALSE
	EndGlobalSection
	GlobalSection(ExtensibilityGlobals) = postSolution
		SolutionGuid = {676D0F00-A61C-42B1-A0B7-6FB2F006142B}
	EndGlobalSection
EndGlobal
